# This file was autogenerated by Stack.
# You should not edit this file by hand.
# For more information, please see the documentation at:
#   https://docs.haskellstack.org/en/stable/lock_files

packages:
- completed:
    hackage: text-1.2.5.0@sha256:791f0f6c97ed96113f17ab520cf0efe1a3a4f883a8c85910a5660567c8241c40,7895
    pantry-tree:
      sha256: f41504ec5c04a3f3358ef104362f02fdef29cbce4e5e4e6dbd6b6db70c40d4bf
      size: 7395
  original:
    hackage: text-1.2.5.0
- completed:
    hackage: megaparsec-9.5.0@sha256:e1e8f7b0f3b1abb120df5e61b71130a8ea3d7df3a9b4ad773025730eaa6970cd,3312
    pantry-tree:
      sha256: 337c06a763526ccddedc321625b90a09bc3a9a4dce135b20892c3b98f8f7a9f8
      size: 1591
  original:
    hackage: megaparsec-9.5.0
- completed:
    hackage: case-insensitive-1.2.1.0@sha256:9dfd3171fc7698cf8d931727d3af3a7b389135b583e46b5adac1f9d2026fff61,2244
    pantry-tree:
      sha256: d6f175b17eacce002fc5336c17e119d989bd97f8ad9702446163c9e27c7c79b7
      size: 688
  original:
    hackage: case-insensitive-1.2.1.0
- completed:
    hackage: scientific-0.3.7.0@sha256:26d8109106963a345368011081453d25ee1dfa6afae2b1f57b426b4bcd392d91,4854
    pantry-tree:
      sha256: a43cd3b3aa7d7d12d3aaa8fa0f1d018c5db9ea11fa3edcd909fda3dfa58538ac
      size: 657
  original:
    hackage: scientific-0.3.7.0
- completed:
    hackage: parser-combinators-1.3.0@sha256:edd54ba56cbae8fadbcceebcfef31b2c70a835e92e5eda41151b939c40647281,1570
    pantry-tree:
      sha256: 0754c8d3f213156877f8085da2ad74433167a6c30272b8b64119a2628bd7ade0
      size: 795
  original:
    hackage: parser-combinators-1.3.0
- completed:
    hackage: hashable-1.4.3.0@sha256:a52a511968a4b7a73bb54d78a8d999d6fe71f433cbe1788bbfae71b5fe02150c,4682
    pantry-tree:
      sha256: a4193d74017c48c48c8749f93b983388d8ea2a17a49a876b8c08d4afdb3f4bc4
      size: 1248
  original:
    hackage: hashable-1.4.3.0
- completed:
    hackage: data-array-byte-0.1.0.1@sha256:2ef1bd3511e82ba56f7f23cd793dd2da84338a1e7c2cbea5b151417afe3baada,1989
    pantry-tree:
      sha256: 3e2e40055eef1b63c43900296d2584d2911a24ad7016d3d73bd9c73150287212
      size: 326
  original:
    hackage: data-array-byte-0.1.0.1
- completed:
    hackage: integer-logarithms-1.0.3.1@sha256:336fb40c3af19a59dbeb4e5b7bffe4b4c7fa04ab06006a8d4b70b1febc1bb4ca,3262
    pantry-tree:
      sha256: 529f0879fa0dd5621748208df9451b55e5d8edcc22c0e6639666f6196d6636eb
      size: 865
  original:
    hackage: integer-logarithms-1.0.3.1
- completed:
    hackage: primitive-0.8.0.0@sha256:d0ff45fa6e61f92af23611ceb8b9a6a04c236b50fb70c60e2ed3bfa532703670,3241
    pantry-tree:
      sha256: 3cd206dde51c1589698d8e4a501887e0d6954900e9082b31ac013f09a58fd84f
      size: 1721
  original:
    hackage: primitive-0.8.0.0
- completed:
    hackage: llvm-hs-pure-9.0.0@sha256:10f655a15791a28cc53412ff9c7ce8245903da065d1dd3b981b33cfebd277693,3077
    pantry-tree:
      sha256: 4ff5e17f1277fdc7c2a2d3ddd6a314847bbb4564d052fdc5115fb0a047133104
      size: 2600
  original:
    hackage: llvm-hs-pure-9.0.0
- completed:
    hackage: attoparsec-0.14.4@sha256:6a193f133311af59ce5a0c2fc4bd9574c222794f5d772bc4cf4ffa6e73d2581f,5679
    pantry-tree:
      sha256: 5cfbb9a1236e07a73632862677a519223a76dcff6c5e82217fbd97f30b78b879
      size: 5039
  original:
    hackage: attoparsec-0.14.4
- completed:
    hackage: bytestring-0.11.2.0@sha256:f299f22fb266228a417c2ff6ac1244ad32b8098fbdd8ba25501decb550812226,7274
    pantry-tree:
      sha256: 96050e0d2405e16e43dffd9cd0187c4d2478f1dc51f78c591c6d6024ab1b7178
      size: 3748
  original:
    hackage: bytestring-0.11.2.0
- completed:
    hackage: fail-4.9.0.0@sha256:35d1ee29364447c1b7d616bb1ee31f162b73e85fea91d7ca6441cf901398f572,1051
    pantry-tree:
      sha256: e4daa79eb6a4442ec85c86dfeb0eb4bf8624f8dcc5291a2216165120ecb77c13
      size: 210
  original:
    hackage: fail-4.9.0.0
- completed:
    hackage: unordered-containers-0.2.19.1@sha256:9ad8972c2e913c37b1d4f0e1261517fd7a1b8c8a58077e057be69837e3dbaa00,3822
    pantry-tree:
      sha256: ab7c0dbe2eea20198c7f471825a4aa87e47ae8976be75d6de4ff7cf2f1258f46
      size: 1517
  original:
    hackage: unordered-containers-0.2.19.1
- completed:
    hackage: prettyprinter-1.7.1@sha256:9c43c9d8c3cd9f445596e5a2379574bba87f935a4d1fa41b5407ee3cf4edc743,6987
    pantry-tree:
      sha256: cd6f393bf7cba603a1958a139915fc343efd5488e36fd7b3b5c6956c002d04fa
      size: 3460
  original:
    hackage: prettyprinter-1.7.1
- completed:
    hackage: binary-0.8.9.1@sha256:81f468c1c75fd6535152ab69b2d32ac6cfcc03e345267b069abe4da56ec95801,6523
    pantry-tree:
      sha256: 956ecd662408f69615977b87a92e042abcdc447b7824b8aabf5788c4393c10c5
      size: 1976
  original:
    hackage: binary-0.8.9.1
- completed:
    hackage: filepath-1.4.2.2@sha256:3622cbc524093b18af0235249087546473ab04e9fe275967680e97755a9eae6b,2225
    pantry-tree:
      sha256: e8aa0c8f41f1f6801cbbc5e0f0bff434edc0fb7b9d822ec2690240051393d19b
      size: 784
  original:
    hackage: filepath-1.4.2.2
snapshots: []
